
Microsoft Visual Studio Solution File, Format Version 12.00
# Visual Studio Version 16
VisualStudioVersion = 25.0.1703.0
MinimumVisualStudioVersion = 10.0.40219.1
Project("{FAE04EC0-301F-11D3-BF4B-00C04F79EFBC}") = "Actions", "Actions.csproj", "{2872993D-8BFA-4845-88E1-6613D37984CF}"
EndProject
Global
	GlobalSection(SolutionConfigurationPlatforms) = preSolution
		Debug|Any CPU = Debug|Any CPU
		Release|Any CPU = Release|Any CPU
	EndGlobalSection
	GlobalSection(ProjectConfigurationPlatforms) = postSolution
		{2872993D-8BFA-4845-88E1-6613D37984CF}.Debug|Any CPU.ActiveCfg = Debug|Any CPU
		{2872993D-8BFA-4845-88E1-6613D37984CF}.Debug|Any CPU.Build.0 = Debug|Any CPU
		{2872993D-8BFA-4845-88E1-6613D37984CF}.Release|Any CPU.ActiveCfg = Release|Any CPU
		{2872993D-8BFA-4845-88E1-6613D37984CF}.Release|Any CPU.Build.0 = Release|Any CPU
	EndGlobalSection
	GlobalSection(SolutionProperties) = preSolution
		HideSolutionNode = FALSE
	EndGlobalSection
	GlobalSection(ExtensibilityGlobals) = postSolution
		SolutionGuid = {70A85543-222E-4D49-A8CD-3F8127239227}
	EndGlobalSection
EndGlobal
